// !$*UTF8*$!
{
	archiveVersion = 1;
	classes = {
	};
	objectVersion = 55;
	objects = {

/* Begin PBXBuildFile section */
		F9192F2428CBBE4B007FA2C6 /* LoginUserApp.swift in Sources */ = {isa = PBXBuildFile; fileRef = F9192F2328CBBE4B007FA2C6 /* LoginUserApp.swift */; };
		F9192F2628CBBE4B007FA2C6 /* ContentView.swift in Sources */ = {isa = PBXBuildFile; fileRef = F9192F2528CBBE4B007FA2C6 /* ContentView.swift */; };
		F9192F2828CBBE4E007FA2C6 /* Assets.xcassets in Resources */ = {isa = PBXBuildFile; fileRef = F9192F2728CBBE4E007FA2C6 /* Assets.xcassets */; };
		F9192F2B28CBBE4E007FA2C6 /* Preview Assets.xcassets in Resources */ = {isa = PBXBuildFile; fileRef = F9192F2A28CBBE4E007FA2C6 /* Preview Assets.xcassets */; };
		F9192F5128CBC481007FA2C6 /* PostModel.swift in Sources */ = {isa = PBXBuildFile; fileRef = F9192F5028CBC44B007FA2C6 /* PostModel.swift */; };
		F9192F5A28CBC4D1007FA2C6 /* CustomColor.swift in Sources */ = {isa = PBXBuildFile; fileRef = F9192F5328CBC4BD007FA2C6 /* CustomColor.swift */; };
		F9192F5B28CBC4D1007FA2C6 /* InputText.swift in Sources */ = {isa = PBXBuildFile; fileRef = F9192F5528CBC4BD007FA2C6 /* InputText.swift */; };
		F9192F5C28CBC4D1007FA2C6 /* Shapes.swift in Sources */ = {isa = PBXBuildFile; fileRef = F9192F5628CBC4BD007FA2C6 /* Shapes.swift */; };
		F9192F5D28CBC4D1007FA2C6 /* LoginView.swift in Sources */ = {isa = PBXBuildFile; fileRef = F9192F5828CBC4BD007FA2C6 /* LoginView.swift */; };
		F9192F5E28CBC4D1007FA2C6 /* HomeView.swift in Sources */ = {isa = PBXBuildFile; fileRef = F9192F5928CBC4BD007FA2C6 /* HomeView.swift */; };
		F9192F6028CBC525007FA2C6 /* PostViewModel.swift in Sources */ = {isa = PBXBuildFile; fileRef = F9192F5F28CBC525007FA2C6 /* PostViewModel.swift */; };
		F9192F6228CBEE0E007FA2C6 /* UserModel.swift in Sources */ = {isa = PBXBuildFile; fileRef = F9192F6128CBEE0E007FA2C6 /* UserModel.swift */; };
		F9192F6528CBEEA3007FA2C6 /* UserViewModel.swift in Sources */ = {isa = PBXBuildFile; fileRef = F9192F6428CBEEA3007FA2C6 /* UserViewModel.swift */; };
		F9192F6928CBF727007FA2C6 /* DetailView.swift in Sources */ = {isa = PBXBuildFile; fileRef = F9192F6828CBF727007FA2C6 /* DetailView.swift */; };
		F9192F6B28CF99AA007FA2C6 /* DetailViewModel.swift in Sources */ = {isa = PBXBuildFile; fileRef = F9192F6A28CF99AA007FA2C6 /* DetailViewModel.swift */; };
/* End PBXBuildFile section */

/* Begin PBXFileReference section */
		F9192F2028CBBE4B007FA2C6 /* LoginUser.app */ = {isa = PBXFileReference; explicitFileType = wrapper.application; includeInIndex = 0; path = LoginUser.app; sourceTree = BUILT_PRODUCTS_DIR; };
		F9192F2328CBBE4B007FA2C6 /* LoginUserApp.swift */ = {isa = PBXFileReference; lastKnownFileType = sourcecode.swift; path = LoginUserApp.swift; sourceTree = "<group>"; };
		F9192F2528CBBE4B007FA2C6 /* ContentView.swift */ = {isa = PBXFileReference; lastKnownFileType = sourcecode.swift; path = ContentView.swift; sourceTree = "<group>"; };
		F9192F2728CBBE4E007FA2C6 /* Assets.xcassets */ = {isa = PBXFileReference; lastKnownFileType = folder.assetcatalog; path = Assets.xcassets; sourceTree = "<group>"; };
		F9192F2A28CBBE4E007FA2C6 /* Preview Assets.xcassets */ = {isa = PBXFileReference; lastKnownFileType = folder.assetcatalog; path = "Preview Assets.xcassets"; sourceTree = "<group>"; };
		F9192F5028CBC44B007FA2C6 /* PostModel.swift */ = {isa = PBXFileReference; lastKnownFileType = sourcecode.swift; path = PostModel.swift; sourceTree = "<group>"; };
		F9192F5328CBC4BD007FA2C6 /* CustomColor.swift */ = {isa = PBXFileReference; lastKnownFileType = sourcecode.swift; path = CustomColor.swift; sourceTree = "<group>"; };
		F9192F5528CBC4BD007FA2C6 /* InputText.swift */ = {isa = PBXFileReference; lastKnownFileType = sourcecode.swift; path = InputText.swift; sourceTree = "<group>"; };
		F9192F5628CBC4BD007FA2C6 /* Shapes.swift */ = {isa = PBXFileReference; lastKnownFileType = sourcecode.swift; path = Shapes.swift; sourceTree = "<group>"; };
		F9192F5828CBC4BD007FA2C6 /* LoginView.swift */ = {isa = PBXFileReference; lastKnownFileType = sourcecode.swift; path = LoginView.swift; sourceTree = "<group>"; };
		F9192F5928CBC4BD007FA2C6 /* HomeView.swift */ = {isa = PBXFileReference; lastKnownFileType = sourcecode.swift; path = HomeView.swift; sourceTree = "<group>"; };
		F9192F5F28CBC525007FA2C6 /* PostViewModel.swift */ = {isa = PBXFileReference; lastKnownFileType = sourcecode.swift; path = PostViewModel.swift; sourceTree = "<group>"; };
		F9192F6128CBEE0E007FA2C6 /* UserModel.swift */ = {isa = PBXFileReference; lastKnownFileType = sourcecode.swift; path = UserModel.swift; sourceTree = "<group>"; };
		F9192F6428CBEEA3007FA2C6 /* UserViewModel.swift */ = {isa = PBXFileReference; lastKnownFileType = sourcecode.swift; path = UserViewModel.swift; sourceTree = "<group>"; };
		F9192F6828CBF727007FA2C6 /* DetailView.swift */ = {isa = PBXFileReference; lastKnownFileType = sourcecode.swift; path = DetailView.swift; sourceTree = "<group>"; };
		F9192F6A28CF99AA007FA2C6 /* DetailViewModel.swift */ = {isa = PBXFileReference; lastKnownFileType = sourcecode.swift; path = DetailViewModel.swift; sourceTree = "<group>"; };
/* End PBXFileReference section */

/* Begin PBXFrameworksBuildPhase section */
		F9192F1D28CBBE4B007FA2C6 /* Frameworks */ = {
			isa = PBXFrameworksBuildPhase;
			buildActionMask = 2147483647;
			files = (
			);
			runOnlyForDeploymentPostprocessing = 0;
		};
/* End PBXFrameworksBuildPhase section */

/* Begin PBXGroup section */
		F9192F1728CBBE4B007FA2C6 = {
			isa = PBXGroup;
			children = (
				F9192F5228CBC4BD007FA2C6 /* View */,
				F9192F6328CBEE82007FA2C6 /* ViewModel */,
				F9192F4F28CBC44B007FA2C6 /* Model */,
				F9192F2228CBBE4B007FA2C6 /* LoginUser */,
				F9192F2128CBBE4B007FA2C6 /* Products */,
			);
			sourceTree = "<group>";
		};
		F9192F2128CBBE4B007FA2C6 /* Products */ = {
			isa = PBXGroup;
			children = (
				F9192F2028CBBE4B007FA2C6 /* LoginUser.app */,
			);
			name = Products;
			sourceTree = "<group>";
		};
		F9192F2228CBBE4B007FA2C6 /* LoginUser */ = {
			isa = PBXGroup;
			children = (
				F9192F2328CBBE4B007FA2C6 /* LoginUserApp.swift */,
				F9192F2528CBBE4B007FA2C6 /* ContentView.swift */,
				F9192F2728CBBE4E007FA2C6 /* Assets.xcassets */,
				F9192F2928CBBE4E007FA2C6 /* Preview Content */,
			);
			path = LoginUser;
			sourceTree = "<group>";
		};
		F9192F2928CBBE4E007FA2C6 /* Preview Content */ = {
			isa = PBXGroup;
			children = (
				F9192F2A28CBBE4E007FA2C6 /* Preview Assets.xcassets */,
			);
			path = "Preview Content";
			sourceTree = "<group>";
		};
		F9192F4F28CBC44B007FA2C6 /* Model */ = {
			isa = PBXGroup;
			children = (
				F9192F5028CBC44B007FA2C6 /* PostModel.swift */,
				F9192F6128CBEE0E007FA2C6 /* UserModel.swift */,
			);
			path = Model;
			sourceTree = "<group>";
		};
		F9192F5228CBC4BD007FA2C6 /* View */ = {
			isa = PBXGroup;
			children = (
				F9192F5328CBC4BD007FA2C6 /* CustomColor.swift */,
				F9192F5428CBC4BD007FA2C6 /* Components */,
				F9192F5728CBC4BD007FA2C6 /* Screen */,
			);
			path = View;
			sourceTree = "<group>";
		};
		F9192F5428CBC4BD007FA2C6 /* Components */ = {
			isa = PBXGroup;
			children = (
				F9192F5528CBC4BD007FA2C6 /* InputText.swift */,
				F9192F5628CBC4BD007FA2C6 /* Shapes.swift */,
			);
			path = Components;
			sourceTree = "<group>";
		};
		F9192F5728CBC4BD007FA2C6 /* Screen */ = {
			isa = PBXGroup;
			children = (
				F9192F5828CBC4BD007FA2C6 /* LoginView.swift */,
				F9192F5928CBC4BD007FA2C6 /* HomeView.swift */,
				F9192F6828CBF727007FA2C6 /* DetailView.swift */,
			);
			path = Screen;
			sourceTree = "<group>";
		};
		F9192F6328CBEE82007FA2C6 /* ViewModel */ = {
			isa = PBXGroup;
			children = (
				F9192F5F28CBC525007FA2C6 /* PostViewModel.swift */,
				F9192F6428CBEEA3007FA2C6 /* UserViewModel.swift */,
				F9192F6A28CF99AA007FA2C6 /* DetailViewModel.swift */,
			);
			path = ViewModel;
			sourceTree = "<group>";
		};
/* End PBXGroup section */

/* Begin PBXNativeTarget section */
		F9192F1F28CBBE4B007FA2C6 /* LoginUser */ = {
			isa = PBXNativeTarget;
			buildConfigurationList = F9192F2E28CBBE4E007FA2C6 /* Build configuration list for PBXNativeTarget "LoginUser" */;
			buildPhases = (
				F9192F1C28CBBE4B007FA2C6 /* Sources */,
				F9192F1D28CBBE4B007FA2C6 /* Frameworks */,
				F9192F1E28CBBE4B007FA2C6 /* Resources */,
			);
			buildRules = (
			);
			dependencies = (
			);
			name = LoginUser;
			productName = LoginUser;
			productReference = F9192F2028CBBE4B007FA2C6 /* LoginUser.app */;
			productType = "com.apple.product-type.application";
		};
/* End PBXNativeTarget section */

/* Begin PBXProject section */
		F9192F1828CBBE4B007FA2C6 /* Project object */ = {
			isa = PBXProject;
			attributes = {
				BuildIndependentTargetsInParallel = 1;
				LastSwiftUpdateCheck = 1340;
				LastUpgradeCheck = 1340;
				TargetAttributes = {
					F9192F1F28CBBE4B007FA2C6 = {
						CreatedOnToolsVersion = 13.4.1;
					};
				};
			};
			buildConfigurationList = F9192F1B28CBBE4B007FA2C6 /* Build configuration list for PBXProject "LoginUser" */;
			compatibilityVersion = "Xcode 13.0";
			developmentRegion = en;
			hasScannedForEncodings = 0;
			knownRegions = (
				en,
				Base,
			);
			mainGroup = F9192F1728CBBE4B007FA2C6;
			productRefGroup = F9192F2128CBBE4B007FA2C6 /* Products */;
			projectDirPath = "";
			projectRoot = "";
			targets = (
				F9192F1F28CBBE4B007FA2C6 /* LoginUser */,
			);
		};
/* End PBXProject section */

/* Begin PBXResourcesBuildPhase section */
		F9192F1E28CBBE4B007FA2C6 /* Resources */ = {
			isa = PBXResourcesBuildPhase;
			buildActionMask = 2147483647;
			files = (
				F9192F2B28CBBE4E007FA2C6 /* Preview Assets.xcassets in Resources */,
				F9192F2828CBBE4E007FA2C6 /* Assets.xcassets in Resources */,
			);
			runOnlyForDeploymentPostprocessing = 0;
		};
/* End PBXResourcesBuildPhase section */

/* Begin PBXSourcesBuildPhase section */
		F9192F1C28CBBE4B007FA2C6 /* Sources */ = {
			isa = PBXSourcesBuildPhase;
			buildActionMask = 2147483647;
			files = (
				F9192F6028CBC525007FA2C6 /* PostViewModel.swift in Sources */,
				F9192F6928CBF727007FA2C6 /* DetailView.swift in Sources */,
				F9192F6528CBEEA3007FA2C6 /* UserViewModel.swift in Sources */,
				F9192F5A28CBC4D1007FA2C6 /* CustomColor.swift in Sources */,
				F9192F5B28CBC4D1007FA2C6 /* InputText.swift in Sources */,
				F9192F5C28CBC4D1007FA2C6 /* Shapes.swift in Sources */,
				F9192F5D28CBC4D1007FA2C6 /* LoginView.swift in Sources */,
				F9192F5E28CBC4D1007FA2C6 /* HomeView.swift in Sources */,
				F9192F5128CBC481007FA2C6 /* PostModel.swift in Sources */,
				F9192F6B28CF99AA007FA2C6 /* DetailViewModel.swift in Sources */,
				F9192F2628CBBE4B007FA2C6 /* ContentView.swift in Sources */,
				F9192F6228CBEE0E007FA2C6 /* UserModel.swift in Sources */,
				F9192F2428CBBE4B007FA2C6 /* LoginUserApp.swift in Sources */,
			);
			runOnlyForDeploymentPostprocessing = 0;
		};
/* End PBXSourcesBuildPhase section */

/* Begin XCBuildConfiguration section */
		F9192F2C28CBBE4E007FA2C6 /* Debug */ = {
			isa = XCBuildConfiguration;
			buildSettings = {
				ALWAYS_SEARCH_USER_PATHS = NO;
				CLANG_ANALYZER_NONNULL = YES;
				CLANG_ANALYZER_NUMBER_OBJECT_CONVERSION = YES_AGGRESSIVE;
				CLANG_CXX_LANGUAGE_STANDARD = "gnu++17";
				CLANG_ENABLE_MODULES = YES;
				CLANG_ENABLE_OBJC_ARC = YES;
				CLANG_ENABLE_OBJC_WEAK = YES;
				CLANG_WARN_BLOCK_CAPTURE_AUTORELEASING = YES;
				CLANG_WARN_BOOL_CONVERSION = YES;
				CLANG_WARN_COMMA = YES;
				CLANG_WARN_CONSTANT_CONVERSION = YES;
				CLANG_WARN_DEPRECATED_OBJC_IMPLEMENTATIONS = YES;
				CLANG_WARN_DIRECT_OBJC_ISA_USAGE = YES_ERROR;
				CLANG_WARN_DOCUMENTATION_COMMENTS = YES;
				CLANG_WARN_EMPTY_BODY = YES;
				CLANG_WARN_ENUM_CONVERSION = YES;
				CLANG_WARN_INFINITE_RECURSION = YES;
				CLANG_WARN_INT_CONVERSION = YES;
				CLANG_WARN_NON_LITERAL_NULL_CONVERSION = YES;
				CLANG_WARN_OBJC_IMPLICIT_RETAIN_SELF = YES;
				CLANG_WARN_OBJC_LITERAL_CONVERSION = YES;
				CLANG_WARN_OBJC_ROOT_CLASS = YES_ERROR;
				CLANG_WARN_QUOTED_INCLUDE_IN_FRAMEWORK_HEADER = YES;
				CLANG_WARN_RANGE_LOOP_ANALYSIS = YES;
				CLANG_WARN_STRICT_PROTOTYPES = YES;
				CLANG_WARN_SUSPICIOUS_MOVE = YES;
				CLANG_WARN_UNGUARDED_AVAILABILITY = YES_AGGRESSIVE;
				CLANG_WARN_UNREACHABLE_CODE = YES;
				CLANG_WARN__DUPLICATE_METHOD_MATCH = YES;
				COPY_PHASE_STRIP = NO;
				DEBUG_INFORMATION_FORMAT = dwarf;
				ENABLE_STRICT_OBJC_MSGSEND = YES;
				ENABLE_TESTABILITY = YES;
				GCC_C_LANGUAGE_STANDARD = gnu11;
				GCC_DYNAMIC_NO_PIC = NO;
				GCC_NO_COMMON_BLOCKS = YES;
				GCC_OPTIMIZATION_LEVEL = 0;
				GCC_PREPROCESSOR_DEFINITIONS = (
					"DEBUG=1",
					"$(inherited)",
				);
				GCC_WARN_64_TO_32_BIT_CONVERSION = YES;
				GCC_WARN_ABOUT_RETURN_TYPE = YES_ERROR;
				GCC_WARN_UNDECLARED_SELECTOR = YES;
				GCC_WARN_UNINITIALIZED_AUTOS = YES_AGGRESSIVE;
				GCC_WARN_UNUSED_FUNCTION = YES;
				GCC_WARN_UNUSED_VARIABLE = YES;
				IPHONEOS_DEPLOYMENT_TARGET = 15.5;
				MTL_ENABLE_DEBUG_INFO = INCLUDE_SOURCE;
				MTL_FAST_MATH = YES;
				ONLY_ACTIVE_ARCH = YES;
				SDKROOT = iphoneos;
				SWIFT_ACTIVE_COMPILATION_CONDITIONS = DEBUG;
				SWIFT_OPTIMIZATION_LEVEL = "-Onone";
			};
			name = Debug;
		};
		F9192F2D28CBBE4E007FA2C6 /* Release */ = {
			isa = XCBuildConfiguration;
			buildSettings = {
				ALWAYS_SEARCH_USER_PATHS = NO;
				CLANG_ANALYZER_NONNULL = YES;
				CLANG_ANALYZER_NUMBER_OBJECT_CONVERSION = YES_AGGRESSIVE;
				CLANG_CXX_LANGUAGE_STANDARD = "gnu++17";
				CLANG_ENABLE_MODULES = YES;
				CLANG_ENABLE_OBJC_ARC = YES;
				CLANG_ENABLE_OBJC_WEAK = YES;
				CLANG_WARN_BLOCK_CAPTURE_AUTORELEASING = YES;
				CLANG_WARN_BOOL_CONVERSION = YES;
				CLANG_WARN_COMMA = YES;
				CLANG_WARN_CONSTANT_CONVERSION = YES;
				CLANG_WARN_DEPRECATED_OBJC_IMPLEMENTATIONS = YES;
				CLANG_WARN_DIRECT_OBJC_ISA_USAGE = YES_ERROR;
				CLANG_WARN_DOCUMENTATION_COMMENTS = YES;
				CLANG_WARN_EMPTY_BODY = YES;
				CLANG_WARN_ENUM_CONVERSION = YES;
				CLANG_WARN_INFINITE_RECURSION = YES;
				CLANG_WARN_INT_CONVERSION = YES;
				CLANG_WARN_NON_LITERAL_NULL_CONVERSION = YES;
				CLANG_WARN_OBJC_IMPLICIT_RETAIN_SELF = YES;
				CLANG_WARN_OBJC_LITERAL_CONVERSION = YES;
				CLANG_WARN_OBJC_ROOT_CLASS = YES_ERROR;
				CLANG_WARN_QUOTED_INCLUDE_IN_FRAMEWORK_HEADER = YES;
				CLANG_WARN_RANGE_LOOP_ANALYSIS = YES;
				CLANG_WARN_STRICT_PROTOTYPES = YES;
				CLANG_WARN_SUSPICIOUS_MOVE = YES;
				CLANG_WARN_UNGUARDED_AVAILABILITY = YES_AGGRESSIVE;
				CLANG_WARN_UNREACHABLE_CODE = YES;
				CLANG_WARN__DUPLICATE_METHOD_MATCH = YES;
				COPY_PHASE_STRIP = NO;
				DEBUG_INFORMATION_FORMAT = "dwarf-with-dsym";
				ENABLE_NS_ASSERTIONS = NO;
				ENABLE_STRICT_OBJC_MSGSEND = YES;
				GCC_C_LANGUAGE_STANDARD = gnu11;
				GCC_NO_COMMON_BLOCKS = YES;
				GCC_WARN_64_TO_32_BIT_CONVERSION = YES;
				GCC_WARN_ABOUT_RETURN_TYPE = YES_ERROR;
				GCC_WARN_UNDECLARED_SELECTOR = YES;
				GCC_WARN_UNINITIALIZED_AUTOS = YES_AGGRESSIVE;
				GCC_WARN_UNUSED_FUNCTION = YES;
				GCC_WARN_UNUSED_VARIABLE = YES;
				IPHONEOS_DEPLOYMENT_TARGET = 15.5;
				MTL_ENABLE_DEBUG_INFO = NO;
				MTL_FAST_MATH = YES;
				SDKROOT = iphoneos;
				SWIFT_COMPILATION_MODE = wholemodule;
				SWIFT_OPTIMIZATION_LEVEL = "-O";
				VALIDATE_PRODUCT = YES;
			};
			name = Release;
		};
		F9192F2F28CBBE4E007FA2C6 /* Debug */ = {
			isa = XCBuildConfiguration;
			buildSettings = {
				ASSETCATALOG_COMPILER_APPICON_NAME = AppIcon;
				ASSETCATALOG_COMPILER_GLOBAL_ACCENT_COLOR_NAME = AccentColor;
				CODE_SIGN_STYLE = Automatic;
				CURRENT_PROJECT_VERSION = 1;
				DEVELOPMENT_ASSET_PATHS = "\"LoginUser/Preview Content\"";
				DEVELOPMENT_TEAM = 6Q3PD8F4GY;
				ENABLE_PREVIEWS = YES;
				GENERATE_INFOPLIST_FILE = YES;
				INFOPLIST_KEY_UIApplicationSceneManifest_Generation = YES;
				INFOPLIST_KEY_UIApplicationSupportsIndirectInputEvents = YES;
				INFOPLIST_KEY_UILaunchScreen_Generation = YES;
				INFOPLIST_KEY_UISupportedInterfaceOrientations_iPad = "UIInterfaceOrientationPortrait UIInterfaceOrientationPortraitUpsideDown UIInterfaceOrientationLandscapeLeft UIInterfaceOrientationLandscapeRight";
				INFOPLIST_KEY_UISupportedInterfaceOrientations_iPhone = "UIInterfaceOrientationPortrait UIInterfaceOrientationLandscapeLeft UIInterfaceOrientationLandscapeRight";
				LD_RUNPATH_SEARCH_PATHS = (
					"$(inherited)",
					"@executable_path/Frameworks",
				);
				MARKETING_VERSION = 1.0;
				PRODUCT_BUNDLE_IDENTIFIER = com.abrsoftware.LoginUser;
				PRODUCT_NAME = "$(TARGET_NAME)";
				SWIFT_EMIT_LOC_STRINGS = YES;
				SWIFT_VERSION = 5.0;
				TARGETED_DEVICE_FAMILY = "1,2";
			};
			name = Debug;
		};
		F9192F3028CBBE4E007FA2C6 /* Release */ = {
			isa = XCBuildConfiguration;
			buildSettings = {
				ASSETCATALOG_COMPILER_APPICON_NAME = AppIcon;
				ASSETCATALOG_COMPILER_GLOBAL_ACCENT_COLOR_NAME = AccentColor;
				CODE_SIGN_STYLE = Automatic;
				CURRENT_PROJECT_VERSION = 1;
				DEVELOPMENT_ASSET_PATHS = "\"LoginUser/Preview Content\"";
				DEVELOPMENT_TEAM = 6Q3PD8F4GY;
				ENABLE_PREVIEWS = YES;
				GENERATE_INFOPLIST_FILE = YES;
				INFOPLIST_KEY_UIApplicationSceneManifest_Generation = YES;
				INFOPLIST_KEY_UIApplicationSupportsIndirectInputEvents = YES;
				INFOPLIST_KEY_UILaunchScreen_Generation = YES;
				INFOPLIST_KEY_UISupportedInterfaceOrientations_iPad = "UIInterfaceOrientationPortrait UIInterfaceOrientationPortraitUpsideDown UIInterfaceOrientationLandscapeLeft UIInterfaceOrientationLandscapeRight";
				INFOPLIST_KEY_UISupportedInterfaceOrientations_iPhone = "UIInterfaceOrientationPortrait UIInterfaceOrientationLandscapeLeft UIInterfaceOrientationLandscapeRight";
				LD_RUNPATH_SEARCH_PATHS = (
					"$(inherited)",
					"@executable_path/Frameworks",
				);
				MARKETING_VERSION = 1.0;
				PRODUCT_BUNDLE_IDENTIFIER = com.abrsoftware.LoginUser;
				PRODUCT_NAME = "$(TARGET_NAME)";
				SWIFT_EMIT_LOC_STRINGS = YES;
				SWIFT_VERSION = 5.0;
				TARGETED_DEVICE_FAMILY = "1,2";
			};
			name = Release;
		};
/* End XCBuildConfiguration section */

/* Begin XCConfigurationList section */
		F9192F1B28CBBE4B007FA2C6 /* Build configuration list for PBXProject "LoginUser" */ = {
			isa = XCConfigurationList;
			buildConfigurations = (
				F9192F2C28CBBE4E007FA2C6 /* Debug */,
				F9192F2D28CBBE4E007FA2C6 /* Release */,
			);
			defaultConfigurationIsVisible = 0;
			defaultConfigurationName = Release;
		};
		F9192F2E28CBBE4E007FA2C6 /* Build configuration list for PBXNativeTarget "LoginUser" */ = {
			isa = XCConfigurationList;
			buildConfigurations = (
				F9192F2F28CBBE4E007FA2C6 /* Debug */,
				F9192F3028CBBE4E007FA2C6 /* Release */,
			);
			defaultConfigurationIsVisible = 0;
			defaultConfigurationName = Release;
		};
/* End XCConfigurationList section */
	};
	rootObject = F9192F1828CBBE4B007FA2C6 /* Project object */;
}
